// !$*UTF8*$!
{
	archiveVersion = 1;
	classes = {
	};
	objectVersion = 50;
	objects = {

/* Begin PBXBuildFile section */
		454D406B223CEC8D00869A97 /* AppDelegate.swift in Sources */ = {isa = PBXBuildFile; fileRef = 454D406A223CEC8D00869A97 /* AppDelegate.swift */; };
		454D406D223CEC8D00869A97 /* ViewController.swift in Sources */ = {isa = PBXBuildFile; fileRef = 454D406C223CEC8D00869A97 /* ViewController.swift */; };
		454D4070223CEC8D00869A97 /* Main.storyboard in Resources */ = {isa = PBXBuildFile; fileRef = 454D406E223CEC8D00869A97 /* Main.storyboard */; };
		454D4072223CEC8F00869A97 /* Assets.xcassets in Resources */ = {isa = PBXBuildFile; fileRef = 454D4071223CEC8F00869A97 /* Assets.xcassets */; };
		454D4075223CEC8F00869A97 /* LaunchScreen.storyboard in Resources */ = {isa = PBXBuildFile; fileRef = 454D4073223CEC8F00869A97 /* LaunchScreen.storyboard */; };
		454D4080223CEC8F00869A97 /* Milky_Way_demoTests.swift in Sources */ = {isa = PBXBuildFile; fileRef = 454D407F223CEC8F00869A97 /* Milky_Way_demoTests.swift */; };
		454D408B223CEC8F00869A97 /* Milky_Way_demoUITests.swift in Sources */ = {isa = PBXBuildFile; fileRef = 454D408A223CEC8F00869A97 /* Milky_Way_demoUITests.swift */; };
/* End PBXBuildFile section */

/* Begin PBXContainerItemProxy section */
		454D407C223CEC8F00869A97 /* PBXContainerItemProxy */ = {
			isa = PBXContainerItemProxy;
			containerPortal = 454D405F223CEC8D00869A97 /* Project object */;
			proxyType = 1;
			remoteGlobalIDString = 454D4066223CEC8D00869A97;
			remoteInfo = "Milky Way demo";
		};
		454D4087223CEC8F00869A97 /* PBXContainerItemProxy */ = {
			isa = PBXContainerItemProxy;
			containerPortal = 454D405F223CEC8D00869A97 /* Project object */;
			proxyType = 1;
			remoteGlobalIDString = 454D4066223CEC8D00869A97;
			remoteInfo = "Milky Way demo";
		};
/* End PBXContainerItemProxy section */

/* Begin PBXFileReference section */
		454D4067223CEC8D00869A97 /* Milky Way demo.app */ = {isa = PBXFileReference; explicitFileType = wrapper.application; includeInIndex = 0; path = "Milky Way demo.app"; sourceTree = BUILT_PRODUCTS_DIR; };
		454D406A223CEC8D00869A97 /* AppDelegate.swift */ = {isa = PBXFileReference; lastKnownFileType = sourcecode.swift; path = AppDelegate.swift; sourceTree = "<group>"; };
		454D406C223CEC8D00869A97 /* ViewController.swift */ = {isa = PBXFileReference; lastKnownFileType = sourcecode.swift; path = ViewController.swift; sourceTree = "<group>"; };
		454D406F223CEC8D00869A97 /* Base */ = {isa = PBXFileReference; lastKnownFileType = file.storyboard; name = Base; path = Base.lproj/Main.storyboard; sourceTree = "<group>"; };
		454D4071223CEC8F00869A97 /* Assets.xcassets */ = {isa = PBXFileReference; lastKnownFileType = folder.assetcatalog; path = Assets.xcassets; sourceTree = "<group>"; };
		454D4074223CEC8F00869A97 /* Base */ = {isa = PBXFileReference; lastKnownFileType = file.storyboard; name = Base; path = Base.lproj/LaunchScreen.storyboard; sourceTree = "<group>"; };
		454D4076223CEC8F00869A97 /* Info.plist */ = {isa = PBXFileReference; lastKnownFileType = text.plist.xml; path = Info.plist; sourceTree = "<group>"; };
		454D407B223CEC8F00869A97 /* Milky Way demoTests.xctest */ = {isa = PBXFileReference; explicitFileType = wrapper.cfbundle; includeInIndex = 0; path = "Milky Way demoTests.xctest"; sourceTree = BUILT_PRODUCTS_DIR; };
		454D407F223CEC8F00869A97 /* Milky_Way_demoTests.swift */ = {isa = PBXFileReference; lastKnownFileType = sourcecode.swift; path = Milky_Way_demoTests.swift; sourceTree = "<group>"; };
		454D4081223CEC8F00869A97 /* Info.plist */ = {isa = PBXFileReference; lastKnownFileType = text.plist.xml; path = Info.plist; sourceTree = "<group>"; };
		454D4086223CEC8F00869A97 /* Milky Way demoUITests.xctest */ = {isa = PBXFileReference; explicitFileType = wrapper.cfbundle; includeInIndex = 0; path = "Milky Way demoUITests.xctest"; sourceTree = BUILT_PRODUCTS_DIR; };
		454D408A223CEC8F00869A97 /* Milky_Way_demoUITests.swift */ = {isa = PBXFileReference; lastKnownFileType = sourcecode.swift; path = Milky_Way_demoUITests.swift; sourceTree = "<group>"; };
		454D408C223CEC8F00869A97 /* Info.plist */ = {isa = PBXFileReference; lastKnownFileType = text.plist.xml; path = Info.plist; sourceTree = "<group>"; };
/* End PBXFileReference section */

/* Begin PBXFrameworksBuildPhase section */
		454D4064223CEC8D00869A97 /* Frameworks */ = {
			isa = PBXFrameworksBuildPhase;
			buildActionMask = 2147483647;
			files = (
			);
			runOnlyForDeploymentPostprocessing = 0;
		};
		454D4078223CEC8F00869A97 /* Frameworks */ = {
			isa = PBXFrameworksBuildPhase;
			buildActionMask = 2147483647;
			files = (
			);
			runOnlyForDeploymentPostprocessing = 0;
		};
		454D4083223CEC8F00869A97 /* Frameworks */ = {
			isa = PBXFrameworksBuildPhase;
			buildActionMask = 2147483647;
			files = (
			);
			runOnlyForDeploymentPostprocessing = 0;
		};
/* End PBXFrameworksBuildPhase section */

/* Begin PBXGroup section */
		454D405E223CEC8D00869A97 = {
			isa = PBXGroup;
			children = (
				454D4069223CEC8D00869A97 /* Milky Way demo */,
				454D407E223CEC8F00869A97 /* Milky Way demoTests */,
				454D4089223CEC8F00869A97 /* Milky Way demoUITests */,
				454D4068223CEC8D00869A97 /* Products */,
			);
			sourceTree = "<group>";
		};
		454D4068223CEC8D00869A97 /* Products */ = {
			isa = PBXGroup;
			children = (
				454D4067223CEC8D00869A97 /* Milky Way demo.app */,
				454D407B223CEC8F00869A97 /* Milky Way demoTests.xctest */,
				454D4086223CEC8F00869A97 /* Milky Way demoUITests.xctest */,
			);
			name = Products;
			sourceTree = "<group>";
		};
		454D4069223CEC8D00869A97 /* Milky Way demo */ = {
			isa = PBXGroup;
			children = (
				454D406A223CEC8D00869A97 /* AppDelegate.swift */,
				454D406C223CEC8D00869A97 /* ViewController.swift */,
				454D406E223CEC8D00869A97 /* Main.storyboard */,
				454D4071223CEC8F00869A97 /* Assets.xcassets */,
				454D4073223CEC8F00869A97 /* LaunchScreen.storyboard */,
				454D4076223CEC8F00869A97 /* Info.plist */,
			);
			path = "Milky Way demo";
			sourceTree = "<group>";
		};
		454D407E223CEC8F00869A97 /* Milky Way demoTests */ = {
			isa = PBXGroup;
			children = (
				454D407F223CEC8F00869A97 /* Milky_Way_demoTests.swift */,
				454D4081223CEC8F00869A97 /* Info.plist */,
			);
			path = "Milky Way demoTests";
			sourceTree = "<group>";
		};
		454D4089223CEC8F00869A97 /* Milky Way demoUITests */ = {
			isa = PBXGroup;
			children = (
				454D408A223CEC8F00869A97 /* Milky_Way_demoUITests.swift */,
				454D408C223CEC8F00869A97 /* Info.plist */,
			);
			path = "Milky Way demoUITests";
			sourceTree = "<group>";
		};
/* End PBXGroup section */

/* Begin PBXNativeTarget section */
		454D4066223CEC8D00869A97 /* Milky Way demo */ = {
			isa = PBXNativeTarget;
			buildConfigurationList = 454D408F223CEC8F00869A97 /* Build configuration list for PBXNativeTarget "Milky Way demo" */;
			buildPhases = (
				454D4063223CEC8D00869A97 /* Sources */,
				454D4064223CEC8D00869A97 /* Frameworks */,
				454D4065223CEC8D00869A97 /* Resources */,
			);
			buildRules = (
			);
			dependencies = (
			);
			name = "Milky Way demo";
			productName = "Milky Way demo";
			productReference = 454D4067223CEC8D00869A97 /* Milky Way demo.app */;
			productType = "com.apple.product-type.application";
		};
		454D407A223CEC8F00869A97 /* Milky Way demoTests */ = {
			isa = PBXNativeTarget;
			buildConfigurationList = 454D4092223CEC8F00869A97 /* Build configuration list for PBXNativeTarget "Milky Way demoTests" */;
			buildPhases = (
				454D4077223CEC8F00869A97 /* Sources */,
				454D4078223CEC8F00869A97 /* Frameworks */,
				454D4079223CEC8F00869A97 /* Resources */,
			);
			buildRules = (
			);
			dependencies = (
				454D407D223CEC8F00869A97 /* PBXTargetDependency */,
			);
			name = "Milky Way demoTests";
			productName = "Milky Way demoTests";
			productReference = 454D407B223CEC8F00869A97 /* Milky Way demoTests.xctest */;
			productType = "com.apple.product-type.bundle.unit-test";
		};
		454D4085223CEC8F00869A97 /* Milky Way demoUITests */ = {
			isa = PBXNativeTarget;
			buildConfigurationList = 454D4095223CEC8F00869A97 /* Build configuration list for PBXNativeTarget "Milky Way demoUITests" */;
			buildPhases = (
				454D4082223CEC8F00869A97 /* Sources */,
				454D4083223CEC8F00869A97 /* Frameworks */,
				454D4084223CEC8F00869A97 /* Resources */,
			);
			buildRules = (
			);
			dependencies = (
				454D4088223CEC8F00869A97 /* PBXTargetDependency */,
			);
			name = "Milky Way demoUITests";
			productName = "Milky Way demoUITests";
			productReference = 454D4086223CEC8F00869A97 /* Milky Way demoUITests.xctest */;
			productType = "com.apple.product-type.bundle.ui-testing";
		};
/* End PBXNativeTarget section */

/* Begin PBXProject section */
		454D405F223CEC8D00869A97 /* Project object */ = {
			isa = PBXProject;
			attributes = {
				LastSwiftUpdateCheck = 1010;
				LastUpgradeCheck = 1010;
				ORGANIZATIONNAME = "Intrica Studio";
				TargetAttributes = {
					454D4066223CEC8D00869A97 = {
						CreatedOnToolsVersion = 10.1;
					};
					454D407A223CEC8F00869A97 = {
						CreatedOnToolsVersion = 10.1;
						TestTargetID = 454D4066223CEC8D00869A97;
					};
					454D4085223CEC8F00869A97 = {
						CreatedOnToolsVersion = 10.1;
						TestTargetID = 454D4066223CEC8D00869A97;
					};
				};
			};
			buildConfigurationList = 454D4062223CEC8D00869A97 /* Build configuration list for PBXProject "Milky Way demo" */;
			compatibilityVersion = "Xcode 9.3";
			developmentRegion = en;
			hasScannedForEncodings = 0;
			knownRegions = (
				en,
				Base,
			);
			mainGroup = 454D405E223CEC8D00869A97;
			productRefGroup = 454D4068223CEC8D00869A97 /* Products */;
			projectDirPath = "";
			projectRoot = "";
			targets = (
				454D4066223CEC8D00869A97 /* Milky Way demo */,
				454D407A223CEC8F00869A97 /* Milky Way demoTests */,
				454D4085223CEC8F00869A97 /* Milky Way demoUITests */,
			);
		};
/* End PBXProject section */

/* Begin PBXResourcesBuildPhase section */
		454D4065223CEC8D00869A97 /* Resources */ = {
			isa = PBXResourcesBuildPhase;
			buildActionMask = 2147483647;
			files = (
				454D4075223CEC8F00869A97 /* LaunchScreen.storyboard in Resources */,
				454D4072223CEC8F00869A97 /* Assets.xcassets in Resources */,
				454D4070223CEC8D00869A97 /* Main.storyboard in Resources */,
			);
			runOnlyForDeploymentPostprocessing = 0;
		};
		454D4079223CEC8F00869A97 /* Resources */ = {
			isa = PBXResourcesBuildPhase;
			buildActionMask = 2147483647;
			files = (
			);
			runOnlyForDeploymentPostprocessing = 0;
		};
		454D4084223CEC8F00869A97 /* Resources */ = {
			isa = PBXResourcesBuildPhase;
			buildActionMask = 2147483647;
			files = (
			);
			runOnlyForDeploymentPostprocessing = 0;
		};
/* End PBXResourcesBuildPhase section */

/* Begin PBXSourcesBuildPhase section */
		454D4063223CEC8D00869A97 /* Sources */ = {
			isa = PBXSourcesBuildPhase;
			buildActionMask = 2147483647;
			files = (
				454D406D223CEC8D00869A97 /* ViewController.swift in Sources */,
				454D406B223CEC8D00869A97 /* AppDelegate.swift in Sources */,
			);
			runOnlyForDeploymentPostprocessing = 0;
		};
		454D4077223CEC8F00869A97 /* Sources */ = {
			isa = PBXSourcesBuildPhase;
			buildActionMask = 2147483647;
			files = (
				454D4080223CEC8F00869A97 /* Milky_Way_demoTests.swift in Sources */,
			);
			runOnlyForDeploymentPostprocessing = 0;
		};
		454D4082223CEC8F00869A97 /* Sources */ = {
			isa = PBXSourcesBuildPhase;
			buildActionMask = 2147483647;
			files = (
				454D408B223CEC8F00869A97 /* Milky_Way_demoUITests.swift in Sources */,
			);
			runOnlyForDeploymentPostprocessing = 0;
		};
/* End PBXSourcesBuildPhase section */

/* Begin PBXTargetDependency section */
		454D407D223CEC8F00869A97 /* PBXTargetDependency */ = {
			isa = PBXTargetDependency;
			target = 454D4066223CEC8D00869A97 /* Milky Way demo */;
			targetProxy = 454D407C223CEC8F00869A97 /* PBXContainerItemProxy */;
		};
		454D4088223CEC8F00869A97 /* PBXTargetDependency */ = {
			isa = PBXTargetDependency;
			target = 454D4066223CEC8D00869A97 /* Milky Way demo */;
			targetProxy = 454D4087223CEC8F00869A97 /* PBXContainerItemProxy */;
		};
/* End PBXTargetDependency section */

/* Begin PBXVariantGroup section */
		454D406E223CEC8D00869A97 /* Main.storyboard */ = {
			isa = PBXVariantGroup;
			children = (
				454D406F223CEC8D00869A97 /* Base */,
			);
			name = Main.storyboard;
			sourceTree = "<group>";
		};
		454D4073223CEC8F00869A97 /* LaunchScreen.storyboard */ = {
			isa = PBXVariantGroup;
			children = (
				454D4074223CEC8F00869A97 /* Base */,
			);
			name = LaunchScreen.storyboard;
			sourceTree = "<group>";
		};
/* End PBXVariantGroup section */

/* Begin XCBuildConfiguration section */
		454D408D223CEC8F00869A97 /* Debug */ = {
			isa = XCBuildConfiguration;
			buildSettings = {
				ALWAYS_SEARCH_USER_PATHS = NO;
				CLANG_ANALYZER_NONNULL = YES;
				CLANG_ANALYZER_NUMBER_OBJECT_CONVERSION = YES_AGGRESSIVE;
				CLANG_CXX_LANGUAGE_STANDARD = "gnu++14";
				CLANG_CXX_LIBRARY = "libc++";
				CLANG_ENABLE_MODULES = YES;
				CLANG_ENABLE_OBJC_ARC = YES;
				CLANG_ENABLE_OBJC_WEAK = YES;
				CLANG_WARN_BLOCK_CAPTURE_AUTORELEASING = YES;
				CLANG_WARN_BOOL_CONVERSION = YES;
				CLANG_WARN_COMMA = YES;
				CLANG_WARN_CONSTANT_CONVERSION = YES;
				CLANG_WARN_DEPRECATED_OBJC_IMPLEMENTATIONS = YES;
				CLANG_WARN_DIRECT_OBJC_ISA_USAGE = YES_ERROR;
				CLANG_WARN_DOCUMENTATION_COMMENTS = YES;
				CLANG_WARN_EMPTY_BODY = YES;
				CLANG_WARN_ENUM_CONVERSION = YES;
				CLANG_WARN_INFINITE_RECURSION = YES;
				CLANG_WARN_INT_CONVERSION = YES;
				CLANG_WARN_NON_LITERAL_NULL_CONVERSION = YES;
				CLANG_WARN_OBJC_IMPLICIT_RETAIN_SELF = YES;
				CLANG_WARN_OBJC_LITERAL_CONVERSION = YES;
				CLANG_WARN_OBJC_ROOT_CLASS = YES_ERROR;
				CLANG_WARN_RANGE_LOOP_ANALYSIS = YES;
				CLANG_WARN_STRICT_PROTOTYPES = YES;
				CLANG_WARN_SUSPICIOUS_MOVE = YES;
				CLANG_WARN_UNGUARDED_AVAILABILITY = YES_AGGRESSIVE;
				CLANG_WARN_UNREACHABLE_CODE = YES;
				CLANG_WARN__DUPLICATE_METHOD_MATCH = YES;
				CODE_SIGN_IDENTITY = "iPhone Developer";
				COPY_PHASE_STRIP = NO;
				DEBUG_INFORMATION_FORMAT = dwarf;
				ENABLE_STRICT_OBJC_MSGSEND = YES;
				ENABLE_TESTABILITY = YES;
				GCC_C_LANGUAGE_STANDARD = gnu11;
				GCC_DYNAMIC_NO_PIC = NO;
				GCC_NO_COMMON_BLOCKS = YES;
				GCC_OPTIMIZATION_LEVEL = 0;
				GCC_PREPROCESSOR_DEFINITIONS = (
					"DEBUG=1",
					"$(inherited)",
				);
				GCC_WARN_64_TO_32_BIT_CONVERSION = YES;
				GCC_WARN_ABOUT_RETURN_TYPE = YES_ERROR;
				GCC_WARN_UNDECLARED_SELECTOR = YES;
				GCC_WARN_UNINITIALIZED_AUTOS = YES_AGGRESSIVE;
				GCC_WARN_UNUSED_FUNCTION = YES;
				GCC_WARN_UNUSED_VARIABLE = YES;
				IPHONEOS_DEPLOYMENT_TARGET = 12.1;
				MTL_ENABLE_DEBUG_INFO = INCLUDE_SOURCE;
				MTL_FAST_MATH = YES;
				ONLY_ACTIVE_ARCH = YES;
				SDKROOT = iphoneos;
				SWIFT_ACTIVE_COMPILATION_CONDITIONS = DEBUG;
				SWIFT_OPTIMIZATION_LEVEL = "-Onone";
			};
			name = Debug;
		};
		454D408E223CEC8F00869A97 /* Release */ = {
			isa = XCBuildConfiguration;
			buildSettings = {
				ALWAYS_SEARCH_USER_PATHS = NO;
				CLANG_ANALYZER_NONNULL = YES;
				CLANG_ANALYZER_NUMBER_OBJECT_CONVERSION = YES_AGGRESSIVE;
				CLANG_CXX_LANGUAGE_STANDARD = "gnu++14";
				CLANG_CXX_LIBRARY = "libc++";
				CLANG_ENABLE_MODULES = YES;
				CLANG_ENABLE_OBJC_ARC = YES;
				CLANG_ENABLE_OBJC_WEAK = YES;
				CLANG_WARN_BLOCK_CAPTURE_AUTORELEASING = YES;
				CLANG_WARN_BOOL_CONVERSION = YES;
				CLANG_WARN_COMMA = YES;
				CLANG_WARN_CONSTANT_CONVERSION = YES;
				CLANG_WARN_DEPRECATED_OBJC_IMPLEMENTATIONS = YES;
				CLANG_WARN_DIRECT_OBJC_ISA_USAGE = YES_ERROR;
				CLANG_WARN_DOCUMENTATION_COMMENTS = YES;
				CLANG_WARN_EMPTY_BODY = YES;
				CLANG_WARN_ENUM_CONVERSION = YES;
				CLANG_WARN_INFINITE_RECURSION = YES;
				CLANG_WARN_INT_CONVERSION = YES;
				CLANG_WARN_NON_LITERAL_NULL_CONVERSION = YES;
				CLANG_WARN_OBJC_IMPLICIT_RETAIN_SELF = YES;
				CLANG_WARN_OBJC_LITERAL_CONVERSION = YES;
				CLANG_WARN_OBJC_ROOT_CLASS = YES_ERROR;
				CLANG_WARN_RANGE_LOOP_ANALYSIS = YES;
				CLANG_WARN_STRICT_PROTOTYPES = YES;
				CLANG_WARN_SUSPICIOUS_MOVE = YES;
				CLANG_WARN_UNGUARDED_AVAILABILITY = YES_AGGRESSIVE;
				CLANG_WARN_UNREACHABLE_CODE = YES;
				CLANG_WARN__DUPLICATE_METHOD_MATCH = YES;
				CODE_SIGN_IDENTITY = "iPhone Developer";
				COPY_PHASE_STRIP = NO;
				DEBUG_INFORMATION_FORMAT = "dwarf-with-dsym";
				ENABLE_NS_ASSERTIONS = NO;
				ENABLE_STRICT_OBJC_MSGSEND = YES;
				GCC_C_LANGUAGE_STANDARD = gnu11;
				GCC_NO_COMMON_BLOCKS = YES;
				GCC_WARN_64_TO_32_BIT_CONVERSION = YES;
				GCC_WARN_ABOUT_RETURN_TYPE = YES_ERROR;
				GCC_WARN_UNDECLARED_SELECTOR = YES;
				GCC_WARN_UNINITIALIZED_AUTOS = YES_AGGRESSIVE;
				GCC_WARN_UNUSED_FUNCTION = YES;
				GCC_WARN_UNUSED_VARIABLE = YES;
				IPHONEOS_DEPLOYMENT_TARGET = 12.1;
				MTL_ENABLE_DEBUG_INFO = NO;
				MTL_FAST_MATH = YES;
				SDKROOT = iphoneos;
				SWIFT_COMPILATION_MODE = wholemodule;
				SWIFT_OPTIMIZATION_LEVEL = "-O";
				VALIDATE_PRODUCT = YES;
			};
			name = Release;
		};
		454D4090223CEC8F00869A97 /* Debug */ = {
			isa = XCBuildConfiguration;
			buildSettings = {
				ASSETCATALOG_COMPILER_APPICON_NAME = AppIcon;
				CODE_SIGN_STYLE = Automatic;
				DEVELOPMENT_TEAM = 3ZVL462679;
				INFOPLIST_FILE = "Milky Way demo/Info.plist";
				LD_RUNPATH_SEARCH_PATHS = (
					"$(inherited)",
					"@executable_path/Frameworks",
				);
				PRODUCT_BUNDLE_IDENTIFIER = "com.Intrica.Milky-Way-demo";
				PRODUCT_NAME = "$(TARGET_NAME)";
				SWIFT_VERSION = 4.2;
				TARGETED_DEVICE_FAMILY = "1,2";
			};
			name = Debug;
		};
		454D4091223CEC8F00869A97 /* Release */ = {
			isa = XCBuildConfiguration;
			buildSettings = {
				ASSETCATALOG_COMPILER_APPICON_NAME = AppIcon;
				CODE_SIGN_STYLE = Automatic;
				DEVELOPMENT_TEAM = 3ZVL462679;
				INFOPLIST_FILE = "Milky Way demo/Info.plist";
				LD_RUNPATH_SEARCH_PATHS = (
					"$(inherited)",
					"@executable_path/Frameworks",
				);
				PRODUCT_BUNDLE_IDENTIFIER = "com.Intrica.Milky-Way-demo";
				PRODUCT_NAME = "$(TARGET_NAME)";
				SWIFT_VERSION = 4.2;
				TARGETED_DEVICE_FAMILY = "1,2";
			};
			name = Release;
		};
		454D4093223CEC8F00869A97 /* Debug */ = {
			isa = XCBuildConfiguration;
			buildSettings = {
				ALWAYS_EMBED_SWIFT_STANDARD_LIBRARIES = YES;
				BUNDLE_LOADER = "$(TEST_HOST)";
				CODE_SIGN_STYLE = Automatic;
				DEVELOPMENT_TEAM = 3ZVL462679;
				INFOPLIST_FILE = "Milky Way demoTests/Info.plist";
				LD_RUNPATH_SEARCH_PATHS = (
					"$(inherited)",
					"@executable_path/Frameworks",
					"@loader_path/Frameworks",
				);
				PRODUCT_BUNDLE_IDENTIFIER = "com.Intrica.Milky-Way-demoTests";
				PRODUCT_NAME = "$(TARGET_NAME)";
				SWIFT_VERSION = 4.2;
				TARGETED_DEVICE_FAMILY = "1,2";
				TEST_HOST = "$(BUILT_PRODUCTS_DIR)/Milky Way demo.app/Milky Way demo";
			};
			name = Debug;
		};
		454D4094223CEC8F00869A97 /* Release */ = {
			isa = XCBuildConfiguration;
			buildSettings = {
				ALWAYS_EMBED_SWIFT_STANDARD_LIBRARIES = YES;
				BUNDLE_LOADER = "$(TEST_HOST)";
				CODE_SIGN_STYLE = Automatic;
				DEVELOPMENT_TEAM = 3ZVL462679;
				INFOPLIST_FILE = "Milky Way demoTests/Info.plist";
				LD_RUNPATH_SEARCH_PATHS = (
					"$(inherited)",
					"@executable_path/Frameworks",
					"@loader_path/Frameworks",
				);
				PRODUCT_BUNDLE_IDENTIFIER = "com.Intrica.Milky-Way-demoTests";
				PRODUCT_NAME = "$(TARGET_NAME)";
				SWIFT_VERSION = 4.2;
				TARGETED_DEVICE_FAMILY = "1,2";
				TEST_HOST = "$(BUILT_PRODUCTS_DIR)/Milky Way demo.app/Milky Way demo";
			};
			name = Release;
		};
		454D4096223CEC8F00869A97 /* Debug */ = {
			isa = XCBuildConfiguration;
			buildSettings = {
				ALWAYS_EMBED_SWIFT_STANDARD_LIBRARIES = YES;
				CODE_SIGN_STYLE = Automatic;
				DEVELOPMENT_TEAM = 3ZVL462679;
				INFOPLIST_FILE = "Milky Way demoUITests/Info.plist";
				LD_RUNPATH_SEARCH_PATHS = (
					"$(inherited)",
					"@executable_path/Frameworks",
					"@loader_path/Frameworks",
				);
				PRODUCT_BUNDLE_IDENTIFIER = "com.Intrica.Milky-Way-demoUITests";
				PRODUCT_NAME = "$(TARGET_NAME)";
				SWIFT_VERSION = 4.2;
				TARGETED_DEVICE_FAMILY = "1,2";
				TEST_TARGET_NAME = "Milky Way demo";
			};
			name = Debug;
		};
		454D4097223CEC8F00869A97 /* Release */ = {
			isa = XCBuildConfiguration;
			buildSettings = {
				ALWAYS_EMBED_SWIFT_STANDARD_LIBRARIES = YES;
				CODE_SIGN_STYLE = Automatic;
				DEVELOPMENT_TEAM = 3ZVL462679;
				INFOPLIST_FILE = "Milky Way demoUITests/Info.plist";
				LD_RUNPATH_SEARCH_PATHS = (
					"$(inherited)",
					"@executable_path/Frameworks",
					"@loader_path/Frameworks",
				);
				PRODUCT_BUNDLE_IDENTIFIER = "com.Intrica.Milky-Way-demoUITests";
				PRODUCT_NAME = "$(TARGET_NAME)";
				SWIFT_VERSION = 4.2;
				TARGETED_DEVICE_FAMILY = "1,2";
				TEST_TARGET_NAME = "Milky Way demo";
			};
			name = Release;
		};
/* End XCBuildConfiguration section */

/* Begin XCConfigurationList section */
		454D4062223CEC8D00869A97 /* Build configuration list for PBXProject "Milky Way demo" */ = {
			isa = XCConfigurationList;
			buildConfigurations = (
				454D408D223CEC8F00869A97 /* Debug */,
				454D408E223CEC8F00869A97 /* Release */,
			);
			defaultConfigurationIsVisible = 0;
			defaultConfigurationName = Release;
		};
		454D408F223CEC8F00869A97 /* Build configuration list for PBXNativeTarget "Milky Way demo" */ = {
			isa = XCConfigurationList;
			buildConfigurations = (
				454D4090223CEC8F00869A97 /* Debug */,
				454D4091223CEC8F00869A97 /* Release */,
			);
			defaultConfigurationIsVisible = 0;
			defaultConfigurationName = Release;
		};
		454D4092223CEC8F00869A97 /* Build configuration list for PBXNativeTarget "Milky Way demoTests" */ = {
			isa = XCConfigurationList;
			buildConfigurations = (
				454D4093223CEC8F00869A97 /* Debug */,
				454D4094223CEC8F00869A97 /* Release */,
			);
			defaultConfigurationIsVisible = 0;
			defaultConfigurationName = Release;
		};
		454D4095223CEC8F00869A97 /* Build configuration list for PBXNativeTarget "Milky Way demoUITests" */ = {
			isa = XCConfigurationList;
			buildConfigurations = (
				454D4096223CEC8F00869A97 /* Debug */,
				454D4097223CEC8F00869A97 /* Release */,
			);
			defaultConfigurationIsVisible = 0;
			defaultConfigurationName = Release;
		};
/* End XCConfigurationList section */
	};
	rootObject = 454D405F223CEC8D00869A97 /* Project object */;
}
